
Microsoft Visual Studio Solution File, Format Version 12.00
# Visual Studio Version 17
VisualStudioVersion = 17.3.32804.467
MinimumVisualStudioVersion = 10.0.40219.1
Project("{9A19103F-16F7-4668-BE54-9A1E7A4F7556}") = "Task1", "Task1\Task1.csproj", "{3DE0A6CE-10F7-48F0-86F7-7CEFCFAABFC7}"
EndProject
Project("{9A19103F-16F7-4668-BE54-9A1E7A4F7556}") = "Calculator", "Calculator\Calculator.csproj", "{A12EF212-CA8C-4722-804C-2D1632FB02D7}"
EndProject
Project("{FAE04EC0-301F-11D3-BF4B-00C04F79EFBC}") = "Task2", "Task2\Task2.csproj", "{0E30DC02-20DC-4250-BDBE-EBAE2839F918}"
EndProject
Project("{2150E333-8FDC-42A3-9474-1A3956D46DE8}") = "Элементы решения", "Элементы решения", "{A6307CD1-DC4A-4197-9FF9-62B6DF7EC2AA}"
	ProjectSection(SolutionItems) = preProject
		README.md = README.md
	EndProjectSection
EndProject
Global
	GlobalSection(SolutionConfigurationPlatforms) = preSolution
		Debug|Any CPU = Debug|Any CPU
		Release|Any CPU = Release|Any CPU
	EndGlobalSection
	GlobalSection(ProjectConfigurationPlatforms) = postSolution
		{3DE0A6CE-10F7-48F0-86F7-7CEFCFAABFC7}.Debug|Any CPU.ActiveCfg = Debug|Any CPU
		{3DE0A6CE-10F7-48F0-86F7-7CEFCFAABFC7}.Debug|Any CPU.Build.0 = Debug|Any CPU
		{3DE0A6CE-10F7-48F0-86F7-7CEFCFAABFC7}.Release|Any CPU.ActiveCfg = Release|Any CPU
		{3DE0A6CE-10F7-48F0-86F7-7CEFCFAABFC7}.Release|Any CPU.Build.0 = Release|Any CPU
		{A12EF212-CA8C-4722-804C-2D1632FB02D7}.Debug|Any CPU.ActiveCfg = Debug|Any CPU
		{A12EF212-CA8C-4722-804C-2D1632FB02D7}.Debug|Any CPU.Build.0 = Debug|Any CPU
		{A12EF212-CA8C-4722-804C-2D1632FB02D7}.Release|Any CPU.ActiveCfg = Release|Any CPU
		{A12EF212-CA8C-4722-804C-2D1632FB02D7}.Release|Any CPU.Build.0 = Release|Any CPU
		{0E30DC02-20DC-4250-BDBE-EBAE2839F918}.Debug|Any CPU.ActiveCfg = Debug|Any CPU
		{0E30DC02-20DC-4250-BDBE-EBAE2839F918}.Debug|Any CPU.Build.0 = Debug|Any CPU
		{0E30DC02-20DC-4250-BDBE-EBAE2839F918}.Release|Any CPU.ActiveCfg = Release|Any CPU
		{0E30DC02-20DC-4250-BDBE-EBAE2839F918}.Release|Any CPU.Build.0 = Release|Any CPU
	EndGlobalSection
	GlobalSection(SolutionProperties) = preSolution
		HideSolutionNode = FALSE
	EndGlobalSection
	GlobalSection(ExtensibilityGlobals) = postSolution
		SolutionGuid = {6AFF9A32-DC71-482A-9189-F9E483C1FC05}
	EndGlobalSection
EndGlobal
